
Microsoft Visual Studio Solution File, Format Version 12.00
# Visual Studio 15
VisualStudioVersion = 15.0.26430.13
MinimumVisualStudioVersion = 10.0.40219.1
Project("{FAE04EC0-301F-11D3-BF4B-00C04F79EFBC}") = "SCQueryConnect", "SQLUpdate\SCQueryConnect.csproj", "{A8532662-2091-4D8E-ADD8-C1EAAA3679E1}"
EndProject
Project("{FAE04EC0-301F-11D3-BF4B-00C04F79EFBC}") = "SCQueryConnectx86", "SCQueryConnectx86\SCQueryConnectx86.csproj", "{18CAF0CE-D077-4DA4-A248-7084B39C6C59}"
EndProject
Project("{FAE04EC0-301F-11D3-BF4B-00C04F79EFBC}") = "SCSQLBatch", "SCSQLBatch\SCSQLBatch.csproj", "{29B334E8-3DD1-4DD1-AD1D-2BDAFD0BE5FD}"
EndProject
Project("{FAE04EC0-301F-11D3-BF4B-00C04F79EFBC}") = "SCQueryConnect.Tests", "SCQueryConnect.Tests\SCQueryConnect.Tests.csproj", "{77FEA206-37A3-41BD-B0EE-518F25FDF51F}"
EndProject
Project("{FAE04EC0-301F-11D3-BF4B-00C04F79EFBC}") = "SCSQLBatchx86", "SCSQLBatchx86\SCSQLBatchx86.csproj", "{F9E94CCA-D232-4AA7-96CB-AC9E2F099ED1}"
EndProject
Global
	GlobalSection(SolutionConfigurationPlatforms) = preSolution
		Debug|Any CPU = Debug|Any CPU
		Debug|x86 = Debug|x86
		Release|Any CPU = Release|Any CPU
		Release|x86 = Release|x86
		SQLUpdatex86|Any CPU = SQLUpdatex86|Any CPU
		SQLUpdatex86|x86 = SQLUpdatex86|x86
	EndGlobalSection
	GlobalSection(ProjectConfigurationPlatforms) = postSolution
		{A8532662-2091-4D8E-ADD8-C1EAAA3679E1}.Debug|Any CPU.ActiveCfg = Debug|Any CPU
		{A8532662-2091-4D8E-ADD8-C1EAAA3679E1}.Debug|Any CPU.Build.0 = Debug|Any CPU
		{A8532662-2091-4D8E-ADD8-C1EAAA3679E1}.Debug|x86.ActiveCfg = Debug|x86
		{A8532662-2091-4D8E-ADD8-C1EAAA3679E1}.Debug|x86.Build.0 = Debug|x86
		{A8532662-2091-4D8E-ADD8-C1EAAA3679E1}.Release|Any CPU.ActiveCfg = Release|Any CPU
		{A8532662-2091-4D8E-ADD8-C1EAAA3679E1}.Release|Any CPU.Build.0 = Release|Any CPU
		{A8532662-2091-4D8E-ADD8-C1EAAA3679E1}.Release|x86.ActiveCfg = Release|Any CPU
		{A8532662-2091-4D8E-ADD8-C1EAAA3679E1}.Release|x86.Build.0 = Release|Any CPU
		{A8532662-2091-4D8E-ADD8-C1EAAA3679E1}.SQLUpdatex86|Any CPU.ActiveCfg = Release|x86
		{A8532662-2091-4D8E-ADD8-C1EAAA3679E1}.SQLUpdatex86|Any CPU.Build.0 = Release|x86
		{A8532662-2091-4D8E-ADD8-C1EAAA3679E1}.SQLUpdatex86|x86.ActiveCfg = Release|x86
		{A8532662-2091-4D8E-ADD8-C1EAAA3679E1}.SQLUpdatex86|x86.Build.0 = Release|x86
		{18CAF0CE-D077-4DA4-A248-7084B39C6C59}.Debug|Any CPU.ActiveCfg = Debug|Any CPU
		{18CAF0CE-D077-4DA4-A248-7084B39C6C59}.Debug|Any CPU.Build.0 = Debug|Any CPU
		{18CAF0CE-D077-4DA4-A248-7084B39C6C59}.Debug|x86.ActiveCfg = Debug|Any CPU
		{18CAF0CE-D077-4DA4-A248-7084B39C6C59}.Debug|x86.Build.0 = Debug|Any CPU
		{18CAF0CE-D077-4DA4-A248-7084B39C6C59}.Release|Any CPU.ActiveCfg = Release|Any CPU
		{18CAF0CE-D077-4DA4-A248-7084B39C6C59}.Release|Any CPU.Build.0 = Release|Any CPU
		{18CAF0CE-D077-4DA4-A248-7084B39C6C59}.Release|x86.ActiveCfg = Release|Any CPU
		{18CAF0CE-D077-4DA4-A248-7084B39C6C59}.Release|x86.Build.0 = Release|Any CPU
		{18CAF0CE-D077-4DA4-A248-7084B39C6C59}.SQLUpdatex86|Any CPU.ActiveCfg = Release|Any CPU
		{18CAF0CE-D077-4DA4-A248-7084B39C6C59}.SQLUpdatex86|Any CPU.Build.0 = Release|Any CPU
		{18CAF0CE-D077-4DA4-A248-7084B39C6C59}.SQLUpdatex86|x86.ActiveCfg = Release|Any CPU
		{18CAF0CE-D077-4DA4-A248-7084B39C6C59}.SQLUpdatex86|x86.Build.0 = Release|Any CPU
		{29B334E8-3DD1-4DD1-AD1D-2BDAFD0BE5FD}.Debug|Any CPU.ActiveCfg = Debug|Any CPU
		{29B334E8-3DD1-4DD1-AD1D-2BDAFD0BE5FD}.Debug|Any CPU.Build.0 = Debug|Any CPU
		{29B334E8-3DD1-4DD1-AD1D-2BDAFD0BE5FD}.Debug|x86.ActiveCfg = Debug|x86
		{29B334E8-3DD1-4DD1-AD1D-2BDAFD0BE5FD}.Debug|x86.Build.0 = Debug|x86
		{29B334E8-3DD1-4DD1-AD1D-2BDAFD0BE5FD}.Release|Any CPU.ActiveCfg = Release|Any CPU
		{29B334E8-3DD1-4DD1-AD1D-2BDAFD0BE5FD}.Release|Any CPU.Build.0 = Release|Any CPU
		{29B334E8-3DD1-4DD1-AD1D-2BDAFD0BE5FD}.Release|x86.ActiveCfg = Release|x86
		{29B334E8-3DD1-4DD1-AD1D-2BDAFD0BE5FD}.Release|x86.Build.0 = Release|x86
		{29B334E8-3DD1-4DD1-AD1D-2BDAFD0BE5FD}.SQLUpdatex86|Any CPU.ActiveCfg = Release|Any CPU
		{29B334E8-3DD1-4DD1-AD1D-2BDAFD0BE5FD}.SQLUpdatex86|Any CPU.Build.0 = Release|Any CPU
		{29B334E8-3DD1-4DD1-AD1D-2BDAFD0BE5FD}.SQLUpdatex86|x86.ActiveCfg = Release|x86
		{29B334E8-3DD1-4DD1-AD1D-2BDAFD0BE5FD}.SQLUpdatex86|x86.Build.0 = Release|x86
		{77FEA206-37A3-41BD-B0EE-518F25FDF51F}.Debug|Any CPU.ActiveCfg = Debug|Any CPU
		{77FEA206-37A3-41BD-B0EE-518F25FDF51F}.Debug|Any CPU.Build.0 = Debug|Any CPU
		{77FEA206-37A3-41BD-B0EE-518F25FDF51F}.Debug|x86.ActiveCfg = Debug|Any CPU
		{77FEA206-37A3-41BD-B0EE-518F25FDF51F}.Debug|x86.Build.0 = Debug|Any CPU
		{77FEA206-37A3-41BD-B0EE-518F25FDF51F}.Release|Any CPU.ActiveCfg = Release|Any CPU
		{77FEA206-37A3-41BD-B0EE-518F25FDF51F}.Release|Any CPU.Build.0 = Release|Any CPU
		{77FEA206-37A3-41BD-B0EE-518F25FDF51F}.Release|x86.ActiveCfg = Release|Any CPU
		{77FEA206-37A3-41BD-B0EE-518F25FDF51F}.Release|x86.Build.0 = Release|Any CPU
		{77FEA206-37A3-41BD-B0EE-518F25FDF51F}.SQLUpdatex86|Any CPU.ActiveCfg = Release|Any CPU
		{77FEA206-37A3-41BD-B0EE-518F25FDF51F}.SQLUpdatex86|Any CPU.Build.0 = Release|Any CPU
		{77FEA206-37A3-41BD-B0EE-518F25FDF51F}.SQLUpdatex86|x86.ActiveCfg = Release|Any CPU
		{77FEA206-37A3-41BD-B0EE-518F25FDF51F}.SQLUpdatex86|x86.Build.0 = Release|Any CPU
		{F9E94CCA-D232-4AA7-96CB-AC9E2F099ED1}.Debug|Any CPU.ActiveCfg = Debug|Any CPU
		{F9E94CCA-D232-4AA7-96CB-AC9E2F099ED1}.Debug|Any CPU.Build.0 = Debug|Any CPU
		{F9E94CCA-D232-4AA7-96CB-AC9E2F099ED1}.Debug|x86.ActiveCfg = Debug|Any CPU
		{F9E94CCA-D232-4AA7-96CB-AC9E2F099ED1}.Debug|x86.Build.0 = Debug|Any CPU
		{F9E94CCA-D232-4AA7-96CB-AC9E2F099ED1}.Release|Any CPU.ActiveCfg = Release|Any CPU
		{F9E94CCA-D232-4AA7-96CB-AC9E2F099ED1}.Release|Any CPU.Build.0 = Release|Any CPU
		{F9E94CCA-D232-4AA7-96CB-AC9E2F099ED1}.Release|x86.ActiveCfg = Release|Any CPU
		{F9E94CCA-D232-4AA7-96CB-AC9E2F099ED1}.Release|x86.Build.0 = Release|Any CPU
		{F9E94CCA-D232-4AA7-96CB-AC9E2F099ED1}.SQLUpdatex86|Any CPU.ActiveCfg = Release|Any CPU
		{F9E94CCA-D232-4AA7-96CB-AC9E2F099ED1}.SQLUpdatex86|Any CPU.Build.0 = Release|Any CPU
		{F9E94CCA-D232-4AA7-96CB-AC9E2F099ED1}.SQLUpdatex86|x86.ActiveCfg = Release|Any CPU
		{F9E94CCA-D232-4AA7-96CB-AC9E2F099ED1}.SQLUpdatex86|x86.Build.0 = Release|Any CPU
	EndGlobalSection
	GlobalSection(SolutionProperties) = preSolution
		HideSolutionNode = FALSE
	EndGlobalSection
	GlobalSection(ExtensibilityGlobals) = postSolution
		SolutionGuid = {3EB0D425-C030-4D58-996F-3E19384B3EF0}
	EndGlobalSection
EndGlobal
