
Microsoft Visual Studio Solution File, Format Version 12.00
# Visual Studio 15
VisualStudioVersion = 15.0.26430.13
MinimumVisualStudioVersion = 10.0.40219.1
Project("{FAE04EC0-301F-11D3-BF4B-00C04F79EFBC}") = "SCQueryConnect", "SQLUpdate\SCQueryConnect.csproj", "{A8532662-2091-4D8E-ADD8-C1EAAA3679E1}"
EndProject
Project("{FAE04EC0-301F-11D3-BF4B-00C04F79EFBC}") = "SCQueryConnectx86", "SCQueryConnectx86\SCQueryConnectx86.csproj", "{18CAF0CE-D077-4DA4-A248-7084B39C6C59}"
EndProject
Project("{FAE04EC0-301F-11D3-BF4B-00C04F79EFBC}") = "SCSQLBatch", "SCSQLBatch\SCSQLBatch.csproj", "{29B334E8-3DD1-4DD1-AD1D-2BDAFD0BE5FD}"
EndProject
Project("{FAE04EC0-301F-11D3-BF4B-00C04F79EFBC}") = "SCSQLBatchDelete", "SCSQLBatchDelete\SCSQLBatchDelete.csproj", "{E564C8AE-70EA-4CED-AEC0-A5924B264996}"
EndProject
Global
	GlobalSection(SolutionConfigurationPlatforms) = preSolution
		Debug|Any CPU = Debug|Any CPU
		Debug|x86 = Debug|x86
		Release|Any CPU = Release|Any CPU
		Release|x86 = Release|x86
		SQLUpdatex86|Any CPU = SQLUpdatex86|Any CPU
		SQLUpdatex86|x86 = SQLUpdatex86|x86
	EndGlobalSection
	GlobalSection(ProjectConfigurationPlatforms) = postSolution
		{A8532662-2091-4D8E-ADD8-C1EAAA3679E1}.Debug|Any CPU.ActiveCfg = Debug|Any CPU
		{A8532662-2091-4D8E-ADD8-C1EAAA3679E1}.Debug|Any CPU.Build.0 = Debug|Any CPU
		{A8532662-2091-4D8E-ADD8-C1EAAA3679E1}.Debug|x86.ActiveCfg = Debug|x86
		{A8532662-2091-4D8E-ADD8-C1EAAA3679E1}.Debug|x86.Build.0 = Debug|x86
		{A8532662-2091-4D8E-ADD8-C1EAAA3679E1}.Release|Any CPU.ActiveCfg = Release|Any CPU
		{A8532662-2091-4D8E-ADD8-C1EAAA3679E1}.Release|Any CPU.Build.0 = Release|Any CPU
		{A8532662-2091-4D8E-ADD8-C1EAAA3679E1}.Release|x86.ActiveCfg = Release|Any CPU
		{A8532662-2091-4D8E-ADD8-C1EAAA3679E1}.Release|x86.Build.0 = Release|Any CPU
		{A8532662-2091-4D8E-ADD8-C1EAAA3679E1}.SQLUpdatex86|Any CPU.ActiveCfg = Release|x86
		{A8532662-2091-4D8E-ADD8-C1EAAA3679E1}.SQLUpdatex86|Any CPU.Build.0 = Release|x86
		{A8532662-2091-4D8E-ADD8-C1EAAA3679E1}.SQLUpdatex86|x86.ActiveCfg = Release|x86
		{A8532662-2091-4D8E-ADD8-C1EAAA3679E1}.SQLUpdatex86|x86.Build.0 = Release|x86
		{18CAF0CE-D077-4DA4-A248-7084B39C6C59}.Debug|Any CPU.ActiveCfg = Debug|Any CPU
		{18CAF0CE-D077-4DA4-A248-7084B39C6C59}.Debug|Any CPU.Build.0 = Debug|Any CPU
		{18CAF0CE-D077-4DA4-A248-7084B39C6C59}.Debug|x86.ActiveCfg = Debug|Any CPU
		{18CAF0CE-D077-4DA4-A248-7084B39C6C59}.Debug|x86.Build.0 = Debug|Any CPU
		{18CAF0CE-D077-4DA4-A248-7084B39C6C59}.Release|Any CPU.ActiveCfg = Release|Any CPU
		{18CAF0CE-D077-4DA4-A248-7084B39C6C59}.Release|Any CPU.Build.0 = Release|Any CPU
		{18CAF0CE-D077-4DA4-A248-7084B39C6C59}.Release|x86.ActiveCfg = Release|Any CPU
		{18CAF0CE-D077-4DA4-A248-7084B39C6C59}.Release|x86.Build.0 = Release|Any CPU
		{18CAF0CE-D077-4DA4-A248-7084B39C6C59}.SQLUpdatex86|Any CPU.ActiveCfg = Release|Any CPU
		{18CAF0CE-D077-4DA4-A248-7084B39C6C59}.SQLUpdatex86|Any CPU.Build.0 = Release|Any CPU
		{18CAF0CE-D077-4DA4-A248-7084B39C6C59}.SQLUpdatex86|x86.ActiveCfg = Release|Any CPU
		{18CAF0CE-D077-4DA4-A248-7084B39C6C59}.SQLUpdatex86|x86.Build.0 = Release|Any CPU
		{29B334E8-3DD1-4DD1-AD1D-2BDAFD0BE5FD}.Debug|Any CPU.ActiveCfg = Debug|Any CPU
		{29B334E8-3DD1-4DD1-AD1D-2BDAFD0BE5FD}.Debug|Any CPU.Build.0 = Debug|Any CPU
		{29B334E8-3DD1-4DD1-AD1D-2BDAFD0BE5FD}.Debug|x86.ActiveCfg = Debug|x86
		{29B334E8-3DD1-4DD1-AD1D-2BDAFD0BE5FD}.Debug|x86.Build.0 = Debug|x86
		{29B334E8-3DD1-4DD1-AD1D-2BDAFD0BE5FD}.Release|Any CPU.ActiveCfg = Release|Any CPU
		{29B334E8-3DD1-4DD1-AD1D-2BDAFD0BE5FD}.Release|Any CPU.Build.0 = Release|Any CPU
		{29B334E8-3DD1-4DD1-AD1D-2BDAFD0BE5FD}.Release|x86.ActiveCfg = Release|x86
		{29B334E8-3DD1-4DD1-AD1D-2BDAFD0BE5FD}.Release|x86.Build.0 = Release|x86
		{29B334E8-3DD1-4DD1-AD1D-2BDAFD0BE5FD}.SQLUpdatex86|Any CPU.ActiveCfg = Release|Any CPU
		{29B334E8-3DD1-4DD1-AD1D-2BDAFD0BE5FD}.SQLUpdatex86|Any CPU.Build.0 = Release|Any CPU
		{29B334E8-3DD1-4DD1-AD1D-2BDAFD0BE5FD}.SQLUpdatex86|x86.ActiveCfg = Release|x86
		{29B334E8-3DD1-4DD1-AD1D-2BDAFD0BE5FD}.SQLUpdatex86|x86.Build.0 = Release|x86
		{E564C8AE-70EA-4CED-AEC0-A5924B264996}.Debug|Any CPU.ActiveCfg = Debug|Any CPU
		{E564C8AE-70EA-4CED-AEC0-A5924B264996}.Debug|Any CPU.Build.0 = Debug|Any CPU
		{E564C8AE-70EA-4CED-AEC0-A5924B264996}.Debug|x86.ActiveCfg = Debug|Any CPU
		{E564C8AE-70EA-4CED-AEC0-A5924B264996}.Debug|x86.Build.0 = Debug|Any CPU
		{E564C8AE-70EA-4CED-AEC0-A5924B264996}.Release|Any CPU.ActiveCfg = Release|Any CPU
		{E564C8AE-70EA-4CED-AEC0-A5924B264996}.Release|Any CPU.Build.0 = Release|Any CPU
		{E564C8AE-70EA-4CED-AEC0-A5924B264996}.Release|x86.ActiveCfg = Release|Any CPU
		{E564C8AE-70EA-4CED-AEC0-A5924B264996}.Release|x86.Build.0 = Release|Any CPU
		{E564C8AE-70EA-4CED-AEC0-A5924B264996}.SQLUpdatex86|Any CPU.ActiveCfg = Release|Any CPU
		{E564C8AE-70EA-4CED-AEC0-A5924B264996}.SQLUpdatex86|Any CPU.Build.0 = Release|Any CPU
		{E564C8AE-70EA-4CED-AEC0-A5924B264996}.SQLUpdatex86|x86.ActiveCfg = Release|Any CPU
		{E564C8AE-70EA-4CED-AEC0-A5924B264996}.SQLUpdatex86|x86.Build.0 = Release|Any CPU
	EndGlobalSection
	GlobalSection(SolutionProperties) = preSolution
		HideSolutionNode = FALSE
	EndGlobalSection
EndGlobal
